
Microsoft Visual Studio Solution File, Format Version 12.00
# Visual Studio Version 17
VisualStudioVersion = 17.11.35222.181
MinimumVisualStudioVersion = 10.0.40219.1
Project("{FAE04EC0-301F-11D3-BF4B-00C04F79EFBC}") = "student management system", "student management system.csproj", "{D959CB41-9A07-4DCE-B439-2FD45AE35A25}"
EndProject
Global
	GlobalSection(SolutionConfigurationPlatforms) = preSolution
		Debug|Any CPU = Debug|Any CPU
		Release|Any CPU = Release|Any CPU
	EndGlobalSection
	GlobalSection(ProjectConfigurationPlatforms) = postSolution
		{D959CB41-9A07-4DCE-B439-2FD45AE35A25}.Debug|Any CPU.ActiveCfg = Debug|Any CPU
		{D959CB41-9A07-4DCE-B439-2FD45AE35A25}.Debug|Any CPU.Build.0 = Debug|Any CPU
		{D959CB41-9A07-4DCE-B439-2FD45AE35A25}.Release|Any CPU.ActiveCfg = Release|Any CPU
		{D959CB41-9A07-4DCE-B439-2FD45AE35A25}.Release|Any CPU.Build.0 = Release|Any CPU
	EndGlobalSection
	GlobalSection(SolutionProperties) = preSolution
		HideSolutionNode = FALSE
	EndGlobalSection
	GlobalSection(ExtensibilityGlobals) = postSolution
		SolutionGuid = {EFC0EB73-3CB1-422B-97DF-809C5CE19A42}
	EndGlobalSection
EndGlobal
